// !$*UTF8*$!
{
	archiveVersion = 1;
	classes = {
	};
	objectVersion = 77;
	objects = {

/* Begin PBXContainerItemProxy section */
		C36FF0DC2C87E5C300437C12 /* PBXContainerItemProxy */ = {
			isa = PBXContainerItemProxy;
			containerPortal = C36FF0C22C87E5C100437C12 /* Project object */;
			proxyType = 1;
			remoteGlobalIDString = C36FF0C92C87E5C100437C12;
			remoteInfo = MedFix;
		};
		C36FF0E62C87E5C400437C12 /* PBXContainerItemProxy */ = {
			isa = PBXContainerItemProxy;
			containerPortal = C36FF0C22C87E5C100437C12 /* Project object */;
			proxyType = 1;
			remoteGlobalIDString = C36FF0C92C87E5C100437C12;
			remoteInfo = MedFix;
		};
/* End PBXContainerItemProxy section */

/* Begin PBXFileReference section */
		C36FF0CA2C87E5C100437C12 /* MedFix.app */ = {isa = PBXFileReference; explicitFileType = wrapper.application; includeInIndex = 0; path = MedFix.app; sourceTree = BUILT_PRODUCTS_DIR; };
		C36FF0DB2C87E5C300437C12 /* MedFixTests.xctest */ = {isa = PBXFileReference; explicitFileType = wrapper.cfbundle; includeInIndex = 0; path = MedFixTests.xctest; sourceTree = BUILT_PRODUCTS_DIR; };
		C36FF0E52C87E5C400437C12 /* MedFixUITests.xctest */ = {isa = PBXFileReference; explicitFileType = wrapper.cfbundle; includeInIndex = 0; path = MedFixUITests.xctest; sourceTree = BUILT_PRODUCTS_DIR; };
/* End PBXFileReference section */

/* Begin PBXFileSystemSynchronizedRootGroup section */
		C36FF0CC2C87E5C100437C12 /* MedFix */ = {
			isa = PBXFileSystemSynchronizedRootGroup;
			path = MedFix;
			sourceTree = "<group>";
		};
		C36FF0DE2C87E5C300437C12 /* MedFixTests */ = {
			isa = PBXFileSystemSynchronizedRootGroup;
			path = MedFixTests;
			sourceTree = "<group>";
		};
		C36FF0E82C87E5C400437C12 /* MedFixUITests */ = {
			isa = PBXFileSystemSynchronizedRootGroup;
			path = MedFixUITests;
			sourceTree = "<group>";
		};
/* End PBXFileSystemSynchronizedRootGroup section */

/* Begin PBXFrameworksBuildPhase section */
		C36FF0C72C87E5C100437C12 /* Frameworks */ = {
			isa = PBXFrameworksBuildPhase;
			buildActionMask = 2147483647;
			files = (
			);
			runOnlyForDeploymentPostprocessing = 0;
		};
		C36FF0D82C87E5C300437C12 /* Frameworks */ = {
			isa = PBXFrameworksBuildPhase;
			buildActionMask = 2147483647;
			files = (
			);
			runOnlyForDeploymentPostprocessing = 0;
		};
		C36FF0E22C87E5C400437C12 /* Frameworks */ = {
			isa = PBXFrameworksBuildPhase;
			buildActionMask = 2147483647;
			files = (
			);
			runOnlyForDeploymentPostprocessing = 0;
		};
/* End PBXFrameworksBuildPhase section */

/* Begin PBXGroup section */
		C36FF0C12C87E5C100437C12 = {
			isa = PBXGroup;
			children = (
				C36FF0CC2C87E5C100437C12 /* MedFix */,
				C36FF0DE2C87E5C300437C12 /* MedFixTests */,
				C36FF0E82C87E5C400437C12 /* MedFixUITests */,
				C36FF0CB2C87E5C100437C12 /* Products */,
			);
			sourceTree = "<group>";
		};
		C36FF0CB2C87E5C100437C12 /* Products */ = {
			isa = PBXGroup;
			children = (
				C36FF0CA2C87E5C100437C12 /* MedFix.app */,
				C36FF0DB2C87E5C300437C12 /* MedFixTests.xctest */,
				C36FF0E52C87E5C400437C12 /* MedFixUITests.xctest */,
			);
			name = Products;
			sourceTree = "<group>";
		};
/* End PBXGroup section */

/* Begin PBXNativeTarget section */
		C36FF0C92C87E5C100437C12 /* MedFix */ = {
			isa = PBXNativeTarget;
			buildConfigurationList = C36FF0EF2C87E5C400437C12 /* Build configuration list for PBXNativeTarget "MedFix" */;
			buildPhases = (
				C36FF0C62C87E5C100437C12 /* Sources */,
				C36FF0C72C87E5C100437C12 /* Frameworks */,
				C36FF0C82C87E5C100437C12 /* Resources */,
			);
			buildRules = (
			);
			dependencies = (
			);
			fileSystemSynchronizedGroups = (
				C36FF0CC2C87E5C100437C12 /* MedFix */,
			);
			name = MedFix;
			packageProductDependencies = (
			);
			productName = MedFix;
			productReference = C36FF0CA2C87E5C100437C12 /* MedFix.app */;
			productType = "com.apple.product-type.application";
		};
		C36FF0DA2C87E5C300437C12 /* MedFixTests */ = {
			isa = PBXNativeTarget;
			buildConfigurationList = C36FF0F22C87E5C400437C12 /* Build configuration list for PBXNativeTarget "MedFixTests" */;
			buildPhases = (
				C36FF0D72C87E5C300437C12 /* Sources */,
				C36FF0D82C87E5C300437C12 /* Frameworks */,
				C36FF0D92C87E5C300437C12 /* Resources */,
			);
			buildRules = (
			);
			dependencies = (
				C36FF0DD2C87E5C300437C12 /* PBXTargetDependency */,
			);
			fileSystemSynchronizedGroups = (
				C36FF0DE2C87E5C300437C12 /* MedFixTests */,
			);
			name = MedFixTests;
			packageProductDependencies = (
			);
			productName = MedFixTests;
			productReference = C36FF0DB2C87E5C300437C12 /* MedFixTests.xctest */;
			productType = "com.apple.product-type.bundle.unit-test";
		};
		C36FF0E42C87E5C400437C12 /* MedFixUITests */ = {
			isa = PBXNativeTarget;
			buildConfigurationList = C36FF0F52C87E5C400437C12 /* Build configuration list for PBXNativeTarget "MedFixUITests" */;
			buildPhases = (
				C36FF0E12C87E5C400437C12 /* Sources */,
				C36FF0E22C87E5C400437C12 /* Frameworks */,
				C36FF0E32C87E5C400437C12 /* Resources */,
			);
			buildRules = (
			);
			dependencies = (
				C36FF0E72C87E5C400437C12 /* PBXTargetDependency */,
			);
			fileSystemSynchronizedGroups = (
				C36FF0E82C87E5C400437C12 /* MedFixUITests */,
			);
			name = MedFixUITests;
			packageProductDependencies = (
			);
			productName = MedFixUITests;
			productReference = C36FF0E52C87E5C400437C12 /* MedFixUITests.xctest */;
			productType = "com.apple.product-type.bundle.ui-testing";
		};
/* End PBXNativeTarget section */

/* Begin PBXProject section */
		C36FF0C22C87E5C100437C12 /* Project object */ = {
			isa = PBXProject;
			attributes = {
				BuildIndependentTargetsInParallel = 1;
				LastSwiftUpdateCheck = 1600;
				LastUpgradeCheck = 1600;
				TargetAttributes = {
					C36FF0C92C87E5C100437C12 = {
						CreatedOnToolsVersion = 16.0;
					};
					C36FF0DA2C87E5C300437C12 = {
						CreatedOnToolsVersion = 16.0;
						TestTargetID = C36FF0C92C87E5C100437C12;
					};
					C36FF0E42C87E5C400437C12 = {
						CreatedOnToolsVersion = 16.0;
						TestTargetID = C36FF0C92C87E5C100437C12;
					};
				};
			};
			buildConfigurationList = C36FF0C52C87E5C100437C12 /* Build configuration list for PBXProject "MedFix" */;
			developmentRegion = en;
			hasScannedForEncodings = 0;
			knownRegions = (
				en,
				Base,
			);
			mainGroup = C36FF0C12C87E5C100437C12;
			minimizedProjectReferenceProxies = 1;
			preferredProjectObjectVersion = 77;
			productRefGroup = C36FF0CB2C87E5C100437C12 /* Products */;
			projectDirPath = "";
			projectRoot = "";
			targets = (
				C36FF0C92C87E5C100437C12 /* MedFix */,
				C36FF0DA2C87E5C300437C12 /* MedFixTests */,
				C36FF0E42C87E5C400437C12 /* MedFixUITests */,
			);
		};
/* End PBXProject section */

/* Begin PBXResourcesBuildPhase section */
		C36FF0C82C87E5C100437C12 /* Resources */ = {
			isa = PBXResourcesBuildPhase;
			buildActionMask = 2147483647;
			files = (
			);
			runOnlyForDeploymentPostprocessing = 0;
		};
		C36FF0D92C87E5C300437C12 /* Resources */ = {
			isa = PBXResourcesBuildPhase;
			buildActionMask = 2147483647;
			files = (
			);
			runOnlyForDeploymentPostprocessing = 0;
		};
		C36FF0E32C87E5C400437C12 /* Resources */ = {
			isa = PBXResourcesBuildPhase;
			buildActionMask = 2147483647;
			files = (
			);
			runOnlyForDeploymentPostprocessing = 0;
		};
/* End PBXResourcesBuildPhase section */

/* Begin PBXSourcesBuildPhase section */
		C36FF0C62C87E5C100437C12 /* Sources */ = {
			isa = PBXSourcesBuildPhase;
			buildActionMask = 2147483647;
			files = (
			);
			runOnlyForDeploymentPostprocessing = 0;
		};
		C36FF0D72C87E5C300437C12 /* Sources */ = {
			isa = PBXSourcesBuildPhase;
			buildActionMask = 2147483647;
			files = (
			);
			runOnlyForDeploymentPostprocessing = 0;
		};
		C36FF0E12C87E5C400437C12 /* Sources */ = {
			isa = PBXSourcesBuildPhase;
			buildActionMask = 2147483647;
			files = (
			);
			runOnlyForDeploymentPostprocessing = 0;
		};
/* End PBXSourcesBuildPhase section */

/* Begin PBXTargetDependency section */
		C36FF0DD2C87E5C300437C12 /* PBXTargetDependency */ = {
			isa = PBXTargetDependency;
			target = C36FF0C92C87E5C100437C12 /* MedFix */;
			targetProxy = C36FF0DC2C87E5C300437C12 /* PBXContainerItemProxy */;
		};
		C36FF0E72C87E5C400437C12 /* PBXTargetDependency */ = {
			isa = PBXTargetDependency;
			target = C36FF0C92C87E5C100437C12 /* MedFix */;
			targetProxy = C36FF0E62C87E5C400437C12 /* PBXContainerItemProxy */;
		};
/* End PBXTargetDependency section */

/* Begin XCBuildConfiguration section */
		C36FF0ED2C87E5C400437C12 /* Debug */ = {
			isa = XCBuildConfiguration;
			buildSettings = {
				ALWAYS_SEARCH_USER_PATHS = NO;
				ASSETCATALOG_COMPILER_GENERATE_SWIFT_ASSET_SYMBOL_EXTENSIONS = YES;
				CLANG_ANALYZER_NONNULL = YES;
				CLANG_ANALYZER_NUMBER_OBJECT_CONVERSION = YES_AGGRESSIVE;
				CLANG_CXX_LANGUAGE_STANDARD = "gnu++20";
				CLANG_ENABLE_MODULES = YES;
				CLANG_ENABLE_OBJC_ARC = YES;
				CLANG_ENABLE_OBJC_WEAK = YES;
				CLANG_WARN_BLOCK_CAPTURE_AUTORELEASING = YES;
				CLANG_WARN_BOOL_CONVERSION = YES;
				CLANG_WARN_COMMA = YES;
				CLANG_WARN_CONSTANT_CONVERSION = YES;
				CLANG_WARN_DEPRECATED_OBJC_IMPLEMENTATIONS = YES;
				CLANG_WARN_DIRECT_OBJC_ISA_USAGE = YES_ERROR;
				CLANG_WARN_DOCUMENTATION_COMMENTS = YES;
				CLANG_WARN_EMPTY_BODY = YES;
				CLANG_WARN_ENUM_CONVERSION = YES;
				CLANG_WARN_INFINITE_RECURSION = YES;
				CLANG_WARN_INT_CONVERSION = YES;
				CLANG_WARN_NON_LITERAL_NULL_CONVERSION = YES;
				CLANG_WARN_OBJC_IMPLICIT_RETAIN_SELF = YES;
				CLANG_WARN_OBJC_LITERAL_CONVERSION = YES;
				CLANG_WARN_OBJC_ROOT_CLASS = YES_ERROR;
				CLANG_WARN_QUOTED_INCLUDE_IN_FRAMEWORK_HEADER = YES;
				CLANG_WARN_RANGE_LOOP_ANALYSIS = YES;
				CLANG_WARN_STRICT_PROTOTYPES = YES;
				CLANG_WARN_SUSPICIOUS_MOVE = YES;
				CLANG_WARN_UNGUARDED_AVAILABILITY = YES_AGGRESSIVE;
				CLANG_WARN_UNREACHABLE_CODE = YES;
				CLANG_WARN__DUPLICATE_METHOD_MATCH = YES;
				COPY_PHASE_STRIP = NO;
				DEBUG_INFORMATION_FORMAT = dwarf;
				ENABLE_STRICT_OBJC_MSGSEND = YES;
				ENABLE_TESTABILITY = YES;
				ENABLE_USER_SCRIPT_SANDBOXING = YES;
				GCC_C_LANGUAGE_STANDARD = gnu17;
				GCC_DYNAMIC_NO_PIC = NO;
				GCC_NO_COMMON_BLOCKS = YES;
				GCC_OPTIMIZATION_LEVEL = 0;
				GCC_PREPROCESSOR_DEFINITIONS = (
					"DEBUG=1",
					"$(inherited)",
				);
				GCC_WARN_64_TO_32_BIT_CONVERSION = YES;
				GCC_WARN_ABOUT_RETURN_TYPE = YES_ERROR;
				GCC_WARN_UNDECLARED_SELECTOR = YES;
				GCC_WARN_UNINITIALIZED_AUTOS = YES_AGGRESSIVE;
				GCC_WARN_UNUSED_FUNCTION = YES;
				GCC_WARN_UNUSED_VARIABLE = YES;
				LOCALIZATION_PREFERS_STRING_CATALOGS = YES;
				MACOSX_DEPLOYMENT_TARGET = 14.6;
				MTL_ENABLE_DEBUG_INFO = INCLUDE_SOURCE;
				MTL_FAST_MATH = YES;
				ONLY_ACTIVE_ARCH = YES;
				SDKROOT = macosx;
				SWIFT_ACTIVE_COMPILATION_CONDITIONS = "DEBUG $(inherited)";
				SWIFT_OPTIMIZATION_LEVEL = "-Onone";
			};
			name = Debug;
		};
		C36FF0EE2C87E5C400437C12 /* Release */ = {
			isa = XCBuildConfiguration;
			buildSettings = {
				ALWAYS_SEARCH_USER_PATHS = NO;
				ASSETCATALOG_COMPILER_GENERATE_SWIFT_ASSET_SYMBOL_EXTENSIONS = YES;
				CLANG_ANALYZER_NONNULL = YES;
				CLANG_ANALYZER_NUMBER_OBJECT_CONVERSION = YES_AGGRESSIVE;
				CLANG_CXX_LANGUAGE_STANDARD = "gnu++20";
				CLANG_ENABLE_MODULES = YES;
				CLANG_ENABLE_OBJC_ARC = YES;
				CLANG_ENABLE_OBJC_WEAK = YES;
				CLANG_WARN_BLOCK_CAPTURE_AUTORELEASING = YES;
				CLANG_WARN_BOOL_CONVERSION = YES;
				CLANG_WARN_COMMA = YES;
				CLANG_WARN_CONSTANT_CONVERSION = YES;
				CLANG_WARN_DEPRECATED_OBJC_IMPLEMENTATIONS = YES;
				CLANG_WARN_DIRECT_OBJC_ISA_USAGE = YES_ERROR;
				CLANG_WARN_DOCUMENTATION_COMMENTS = YES;
				CLANG_WARN_EMPTY_BODY = YES;
				CLANG_WARN_ENUM_CONVERSION = YES;
				CLANG_WARN_INFINITE_RECURSION = YES;
				CLANG_WARN_INT_CONVERSION = YES;
				CLANG_WARN_NON_LITERAL_NULL_CONVERSION = YES;
				CLANG_WARN_OBJC_IMPLICIT_RETAIN_SELF = YES;
				CLANG_WARN_OBJC_LITERAL_CONVERSION = YES;
				CLANG_WARN_OBJC_ROOT_CLASS = YES_ERROR;
				CLANG_WARN_QUOTED_INCLUDE_IN_FRAMEWORK_HEADER = YES;
				CLANG_WARN_RANGE_LOOP_ANALYSIS = YES;
				CLANG_WARN_STRICT_PROTOTYPES = YES;
				CLANG_WARN_SUSPICIOUS_MOVE = YES;
				CLANG_WARN_UNGUARDED_AVAILABILITY = YES_AGGRESSIVE;
				CLANG_WARN_UNREACHABLE_CODE = YES;
				CLANG_WARN__DUPLICATE_METHOD_MATCH = YES;
				COPY_PHASE_STRIP = NO;
				DEBUG_INFORMATION_FORMAT = "dwarf-with-dsym";
				ENABLE_NS_ASSERTIONS = NO;
				ENABLE_STRICT_OBJC_MSGSEND = YES;
				ENABLE_USER_SCRIPT_SANDBOXING = YES;
				GCC_C_LANGUAGE_STANDARD = gnu17;
				GCC_NO_COMMON_BLOCKS = YES;
				GCC_WARN_64_TO_32_BIT_CONVERSION = YES;
				GCC_WARN_ABOUT_RETURN_TYPE = YES_ERROR;
				GCC_WARN_UNDECLARED_SELECTOR = YES;
				GCC_WARN_UNINITIALIZED_AUTOS = YES_AGGRESSIVE;
				GCC_WARN_UNUSED_FUNCTION = YES;
				GCC_WARN_UNUSED_VARIABLE = YES;
				LOCALIZATION_PREFERS_STRING_CATALOGS = YES;
				MACOSX_DEPLOYMENT_TARGET = 14.6;
				MTL_ENABLE_DEBUG_INFO = NO;
				MTL_FAST_MATH = YES;
				SDKROOT = macosx;
				SWIFT_COMPILATION_MODE = wholemodule;
			};
			name = Release;
		};
		C36FF0F02C87E5C400437C12 /* Debug */ = {
			isa = XCBuildConfiguration;
			buildSettings = {
				ASSETCATALOG_COMPILER_APPICON_NAME = AppIcon;
				ASSETCATALOG_COMPILER_GLOBAL_ACCENT_COLOR_NAME = AccentColor;
				CODE_SIGN_ENTITLEMENTS = MedFix/MedFix.entitlements;
				CODE_SIGN_STYLE = Automatic;
				COMBINE_HIDPI_IMAGES = YES;
				CURRENT_PROJECT_VERSION = 1;
				DEVELOPMENT_ASSET_PATHS = "\"MedFix/Preview Content\"";
				DEVELOPMENT_TEAM = 7383K6FXH6;
				ENABLE_HARDENED_RUNTIME = YES;
				ENABLE_PREVIEWS = YES;
				GENERATE_INFOPLIST_FILE = YES;
				INFOPLIST_KEY_NSHumanReadableCopyright = "";
				LD_RUNPATH_SEARCH_PATHS = (
					"$(inherited)",
					"@executable_path/../Frameworks",
				);
				MARKETING_VERSION = 1.0;
				PRODUCT_BUNDLE_IDENTIFIER = me.nothanscydia.MedFix;
				PRODUCT_NAME = "$(TARGET_NAME)";
				SWIFT_EMIT_LOC_STRINGS = YES;
				SWIFT_VERSION = 5.0;
			};
			name = Debug;
		};
		C36FF0F12C87E5C400437C12 /* Release */ = {
			isa = XCBuildConfiguration;
			buildSettings = {
				ASSETCATALOG_COMPILER_APPICON_NAME = AppIcon;
				ASSETCATALOG_COMPILER_GLOBAL_ACCENT_COLOR_NAME = AccentColor;
				CODE_SIGN_ENTITLEMENTS = MedFix/MedFix.entitlements;
				CODE_SIGN_STYLE = Automatic;
				COMBINE_HIDPI_IMAGES = YES;
				CURRENT_PROJECT_VERSION = 1;
				DEVELOPMENT_ASSET_PATHS = "\"MedFix/Preview Content\"";
				DEVELOPMENT_TEAM = 7383K6FXH6;
				ENABLE_HARDENED_RUNTIME = YES;
				ENABLE_PREVIEWS = YES;
				GENERATE_INFOPLIST_FILE = YES;
				INFOPLIST_KEY_NSHumanReadableCopyright = "";
				LD_RUNPATH_SEARCH_PATHS = (
					"$(inherited)",
					"@executable_path/../Frameworks",
				);
				MARKETING_VERSION = 1.0;
				PRODUCT_BUNDLE_IDENTIFIER = me.nothanscydia.MedFix;
				PRODUCT_NAME = "$(TARGET_NAME)";
				SWIFT_EMIT_LOC_STRINGS = YES;
				SWIFT_VERSION = 5.0;
			};
			name = Release;
		};
		C36FF0F32C87E5C400437C12 /* Debug */ = {
			isa = XCBuildConfiguration;
			buildSettings = {
				BUNDLE_LOADER = "$(TEST_HOST)";
				CODE_SIGN_STYLE = Automatic;
				CURRENT_PROJECT_VERSION = 1;
				DEVELOPMENT_TEAM = 7383K6FXH6;
				GENERATE_INFOPLIST_FILE = YES;
				MACOSX_DEPLOYMENT_TARGET = 14.6;
				MARKETING_VERSION = 1.0;
				PRODUCT_BUNDLE_IDENTIFIER = me.nothanscydia.MedFixTests;
				PRODUCT_NAME = "$(TARGET_NAME)";
				SWIFT_EMIT_LOC_STRINGS = NO;
				SWIFT_VERSION = 5.0;
				TEST_HOST = "$(BUILT_PRODUCTS_DIR)/MedFix.app/$(BUNDLE_EXECUTABLE_FOLDER_PATH)/MedFix";
			};
			name = Debug;
		};
		C36FF0F42C87E5C400437C12 /* Release */ = {
			isa = XCBuildConfiguration;
			buildSettings = {
				BUNDLE_LOADER = "$(TEST_HOST)";
				CODE_SIGN_STYLE = Automatic;
				CURRENT_PROJECT_VERSION = 1;
				DEVELOPMENT_TEAM = 7383K6FXH6;
				GENERATE_INFOPLIST_FILE = YES;
				MACOSX_DEPLOYMENT_TARGET = 14.6;
				MARKETING_VERSION = 1.0;
				PRODUCT_BUNDLE_IDENTIFIER = me.nothanscydia.MedFixTests;
				PRODUCT_NAME = "$(TARGET_NAME)";
				SWIFT_EMIT_LOC_STRINGS = NO;
				SWIFT_VERSION = 5.0;
				TEST_HOST = "$(BUILT_PRODUCTS_DIR)/MedFix.app/$(BUNDLE_EXECUTABLE_FOLDER_PATH)/MedFix";
			};
			name = Release;
		};
		C36FF0F62C87E5C400437C12 /* Debug */ = {
			isa = XCBuildConfiguration;
			buildSettings = {
				CODE_SIGN_STYLE = Automatic;
				CURRENT_PROJECT_VERSION = 1;
				DEVELOPMENT_TEAM = 7383K6FXH6;
				GENERATE_INFOPLIST_FILE = YES;
				MARKETING_VERSION = 1.0;
				PRODUCT_BUNDLE_IDENTIFIER = me.nothanscydia.MedFixUITests;
				PRODUCT_NAME = "$(TARGET_NAME)";
				SWIFT_EMIT_LOC_STRINGS = NO;
				SWIFT_VERSION = 5.0;
				TEST_TARGET_NAME = MedFix;
			};
			name = Debug;
		};
		C36FF0F72C87E5C400437C12 /* Release */ = {
			isa = XCBuildConfiguration;
			buildSettings = {
				CODE_SIGN_STYLE = Automatic;
				CURRENT_PROJECT_VERSION = 1;
				DEVELOPMENT_TEAM = 7383K6FXH6;
				GENERATE_INFOPLIST_FILE = YES;
				MARKETING_VERSION = 1.0;
				PRODUCT_BUNDLE_IDENTIFIER = me.nothanscydia.MedFixUITests;
				PRODUCT_NAME = "$(TARGET_NAME)";
				SWIFT_EMIT_LOC_STRINGS = NO;
				SWIFT_VERSION = 5.0;
				TEST_TARGET_NAME = MedFix;
			};
			name = Release;
		};
/* End XCBuildConfiguration section */

/* Begin XCConfigurationList section */
		C36FF0C52C87E5C100437C12 /* Build configuration list for PBXProject "MedFix" */ = {
			isa = XCConfigurationList;
			buildConfigurations = (
				C36FF0ED2C87E5C400437C12 /* Debug */,
				C36FF0EE2C87E5C400437C12 /* Release */,
			);
			defaultConfigurationIsVisible = 0;
			defaultConfigurationName = Release;
		};
		C36FF0EF2C87E5C400437C12 /* Build configuration list for PBXNativeTarget "MedFix" */ = {
			isa = XCConfigurationList;
			buildConfigurations = (
				C36FF0F02C87E5C400437C12 /* Debug */,
				C36FF0F12C87E5C400437C12 /* Release */,
			);
			defaultConfigurationIsVisible = 0;
			defaultConfigurationName = Release;
		};
		C36FF0F22C87E5C400437C12 /* Build configuration list for PBXNativeTarget "MedFixTests" */ = {
			isa = XCConfigurationList;
			buildConfigurations = (
				C36FF0F32C87E5C400437C12 /* Debug */,
				C36FF0F42C87E5C400437C12 /* Release */,
			);
			defaultConfigurationIsVisible = 0;
			defaultConfigurationName = Release;
		};
		C36FF0F52C87E5C400437C12 /* Build configuration list for PBXNativeTarget "MedFixUITests" */ = {
			isa = XCConfigurationList;
			buildConfigurations = (
				C36FF0F62C87E5C400437C12 /* Debug */,
				C36FF0F72C87E5C400437C12 /* Release */,
			);
			defaultConfigurationIsVisible = 0;
			defaultConfigurationName = Release;
		};
/* End XCConfigurationList section */
	};
	rootObject = C36FF0C22C87E5C100437C12 /* Project object */;
}
